Microsoft Visual Studio Solution File, Format Version 12.00
# Visual Studio 2012
Project("{FAE04EC0-301F-11D3-BF4B-00C04F79EFBC}") = "Ground War", "Ground War.csproj", "{FA858815-B714-4C61-AA32-7E67F40CCC9B}"
EndProject
Global
	GlobalSection(SolutionConfigurationPlatforms) = preSolution
	Debug|Any CPU = Debug|Any CPU
	ExportDebug|Any CPU = ExportDebug|Any CPU
	ExportRelease|Any CPU = ExportRelease|Any CPU
	EndGlobalSection
	GlobalSection(ProjectConfigurationPlatforms) = postSolution
		{FA858815-B714-4C61-AA32-7E67F40CCC9B}.Debug|Any CPU.ActiveCfg = Debug|Any CPU
		{FA858815-B714-4C61-AA32-7E67F40CCC9B}.Debug|Any CPU.Build.0 = Debug|Any CPU
		{FA858815-B714-4C61-AA32-7E67F40CCC9B}.ExportDebug|Any CPU.ActiveCfg = ExportDebug|Any CPU
		{FA858815-B714-4C61-AA32-7E67F40CCC9B}.ExportDebug|Any CPU.Build.0 = ExportDebug|Any CPU
		{FA858815-B714-4C61-AA32-7E67F40CCC9B}.ExportRelease|Any CPU.ActiveCfg = ExportRelease|Any CPU
		{FA858815-B714-4C61-AA32-7E67F40CCC9B}.ExportRelease|Any CPU.Build.0 = ExportRelease|Any CPU
	EndGlobalSection
EndGlobal
